
Microsoft Visual Studio Solution File, Format Version 12.00
# Visual Studio Version 17
VisualStudioVersion = 17.7.34031.279
MinimumVisualStudioVersion = 10.0.40219.1
Project("{FAE04EC0-301F-11D3-BF4B-00C04F79EFBC}") = "ClassesObjetos", "ClassesObjetos\ClassesObjetos.csproj", "{24B274E1-CC77-4440-A349-8E874E935B64}"
EndProject
Project("{FAE04EC0-301F-11D3-BF4B-00C04F79EFBC}") = "MetodosDasClasses", "MetodosDasClasses\MetodosDasClasses.csproj", "{DAD73325-A06B-400F-8DCD-2686C7BA9027}"
EndProject
Project("{FAE04EC0-301F-11D3-BF4B-00C04F79EFBC}") = "TermoThis", "TermoThis\TermoThis.csproj", "{6A376353-B764-42B0-903B-AA454588CF52}"
EndProject
Project("{FAE04EC0-301F-11D3-BF4B-00C04F79EFBC}") = "TipoDelegate", "TipoDelegate\TipoDelegate.csproj", "{DE1F750A-9FED-48AF-98A1-F3F5B80268B8}"
EndProject
Project("{FAE04EC0-301F-11D3-BF4B-00C04F79EFBC}") = "MetodoConstrutor", "MetodoConstrutor\MetodoConstrutor.csproj", "{422D88FE-00C0-4177-95FC-083CD712A404}"
EndProject
Project("{FAE04EC0-301F-11D3-BF4B-00C04F79EFBC}") = "Estatica", "Estatica\Estatica.csproj", "{32BACFBD-43AB-4A5A-87C2-AC1C07C63F07}"
EndProject
Project("{FAE04EC0-301F-11D3-BF4B-00C04F79EFBC}") = "Propriedades", "Propriedades\Propriedades.csproj", "{DD44CC9B-01B1-4824-8874-E89ED125CDF7}"
EndProject
Global
	GlobalSection(SolutionConfigurationPlatforms) = preSolution
		Debug|Any CPU = Debug|Any CPU
		Release|Any CPU = Release|Any CPU
	EndGlobalSection
	GlobalSection(ProjectConfigurationPlatforms) = postSolution
		{24B274E1-CC77-4440-A349-8E874E935B64}.Debug|Any CPU.ActiveCfg = Debug|Any CPU
		{24B274E1-CC77-4440-A349-8E874E935B64}.Debug|Any CPU.Build.0 = Debug|Any CPU
		{24B274E1-CC77-4440-A349-8E874E935B64}.Release|Any CPU.ActiveCfg = Release|Any CPU
		{24B274E1-CC77-4440-A349-8E874E935B64}.Release|Any CPU.Build.0 = Release|Any CPU
		{DAD73325-A06B-400F-8DCD-2686C7BA9027}.Debug|Any CPU.ActiveCfg = Debug|Any CPU
		{DAD73325-A06B-400F-8DCD-2686C7BA9027}.Debug|Any CPU.Build.0 = Debug|Any CPU
		{DAD73325-A06B-400F-8DCD-2686C7BA9027}.Release|Any CPU.ActiveCfg = Release|Any CPU
		{DAD73325-A06B-400F-8DCD-2686C7BA9027}.Release|Any CPU.Build.0 = Release|Any CPU
		{6A376353-B764-42B0-903B-AA454588CF52}.Debug|Any CPU.ActiveCfg = Debug|Any CPU
		{6A376353-B764-42B0-903B-AA454588CF52}.Debug|Any CPU.Build.0 = Debug|Any CPU
		{6A376353-B764-42B0-903B-AA454588CF52}.Release|Any CPU.ActiveCfg = Release|Any CPU
		{6A376353-B764-42B0-903B-AA454588CF52}.Release|Any CPU.Build.0 = Release|Any CPU
		{DE1F750A-9FED-48AF-98A1-F3F5B80268B8}.Debug|Any CPU.ActiveCfg = Debug|Any CPU
		{DE1F750A-9FED-48AF-98A1-F3F5B80268B8}.Debug|Any CPU.Build.0 = Debug|Any CPU
		{DE1F750A-9FED-48AF-98A1-F3F5B80268B8}.Release|Any CPU.ActiveCfg = Release|Any CPU
		{DE1F750A-9FED-48AF-98A1-F3F5B80268B8}.Release|Any CPU.Build.0 = Release|Any CPU
		{422D88FE-00C0-4177-95FC-083CD712A404}.Debug|Any CPU.ActiveCfg = Debug|Any CPU
		{422D88FE-00C0-4177-95FC-083CD712A404}.Debug|Any CPU.Build.0 = Debug|Any CPU
		{422D88FE-00C0-4177-95FC-083CD712A404}.Release|Any CPU.ActiveCfg = Release|Any CPU
		{422D88FE-00C0-4177-95FC-083CD712A404}.Release|Any CPU.Build.0 = Release|Any CPU
		{32BACFBD-43AB-4A5A-87C2-AC1C07C63F07}.Debug|Any CPU.ActiveCfg = Debug|Any CPU
		{32BACFBD-43AB-4A5A-87C2-AC1C07C63F07}.Debug|Any CPU.Build.0 = Debug|Any CPU
		{32BACFBD-43AB-4A5A-87C2-AC1C07C63F07}.Release|Any CPU.ActiveCfg = Release|Any CPU
		{32BACFBD-43AB-4A5A-87C2-AC1C07C63F07}.Release|Any CPU.Build.0 = Release|Any CPU
		{DD44CC9B-01B1-4824-8874-E89ED125CDF7}.Debug|Any CPU.ActiveCfg = Debug|Any CPU
		{DD44CC9B-01B1-4824-8874-E89ED125CDF7}.Debug|Any CPU.Build.0 = Debug|Any CPU
		{DD44CC9B-01B1-4824-8874-E89ED125CDF7}.Release|Any CPU.ActiveCfg = Release|Any CPU
		{DD44CC9B-01B1-4824-8874-E89ED125CDF7}.Release|Any CPU.Build.0 = Release|Any CPU
	EndGlobalSection
	GlobalSection(SolutionProperties) = preSolution
		HideSolutionNode = FALSE
	EndGlobalSection
	GlobalSection(ExtensibilityGlobals) = postSolution
		SolutionGuid = {2BA8ED6A-ECF5-43A3-9591-4A4DD988C6FE}
	EndGlobalSection
EndGlobal
